
Microsoft Visual Studio Solution File, Format Version 12.00
# Visual Studio 14
VisualStudioVersion = 14.0.23107.0
MinimumVisualStudioVersion = 10.0.40219.1
Project("{FAE04EC0-301F-11D3-BF4B-00C04F79EFBC}") = "MVVMTest", "MVVMTest\MVVMTest.csproj", "{C2132CEB-0121-454F-8632-EE1CF7F09E43}"
EndProject
Project("{FAE04EC0-301F-11D3-BF4B-00C04F79EFBC}") = "MyMVVM", "MyMVVM\MyMVVM.csproj", "{8A25877B-C0DF-48EA-853C-DBA315343A1C}"
EndProject
Global
	GlobalSection(SolutionConfigurationPlatforms) = preSolution
		Debug|Any CPU = Debug|Any CPU
		Release|Any CPU = Release|Any CPU
	EndGlobalSection
	GlobalSection(ProjectConfigurationPlatforms) = postSolution
		{C2132CEB-0121-454F-8632-EE1CF7F09E43}.Debug|Any CPU.ActiveCfg = Debug|Any CPU
		{C2132CEB-0121-454F-8632-EE1CF7F09E43}.Debug|Any CPU.Build.0 = Debug|Any CPU
		{C2132CEB-0121-454F-8632-EE1CF7F09E43}.Release|Any CPU.ActiveCfg = Release|Any CPU
		{C2132CEB-0121-454F-8632-EE1CF7F09E43}.Release|Any CPU.Build.0 = Release|Any CPU
		{8A25877B-C0DF-48EA-853C-DBA315343A1C}.Debug|Any CPU.ActiveCfg = Debug|Any CPU
		{8A25877B-C0DF-48EA-853C-DBA315343A1C}.Debug|Any CPU.Build.0 = Debug|Any CPU
		{8A25877B-C0DF-48EA-853C-DBA315343A1C}.Release|Any CPU.ActiveCfg = Release|Any CPU
		{8A25877B-C0DF-48EA-853C-DBA315343A1C}.Release|Any CPU.Build.0 = Release|Any CPU
	EndGlobalSection
	GlobalSection(SolutionProperties) = preSolution
		HideSolutionNode = FALSE
	EndGlobalSection
EndGlobal
